<?xml version="1.0" encoding="utf-8"?>
<Project ToolsVersion="4.0" xmlns="http://schemas.microsoft.com/developer/msbuild/2003">
  <ItemGroup>
    <Filter Include="소스 파일">
      <UniqueIdentifier>{4FC737F1-C7A5-4376-A066-2A32D752A2FF}</UniqueIdentifier>
      <Extensions>cpp;c;cc;cxx;c++;cppm;ixx;def;odl;idl;hpj;bat;asm;asmx</Extensions>
    </Filter>
    <Filter Include="헤더 파일">
      <UniqueIdentifier>{93995380-89BD-4b04-88EB-625FBE52EBFB}</UniqueIdentifier>
      <Extensions>h;hh;hpp;hxx;h++;hm;inl;inc;ipp;xsd</Extensions>
    </Filter>
    <Filter Include="리소스 파일">
      <UniqueIdentifier>{67DA6AB6-F800-4c08-8B7A-83BB121AAD01}</UniqueIdentifier>
      <Extensions>rc;ico;cur;bmp;dlg;rc2;rct;bin;rgs;gif;jpg;jpeg;jpe;resx;tiff;tif;png;wav;mfcribbon-ms</Extensions>
    </Filter>
    <Filter Include="Data">
      <UniqueIdentifier>{7ea719b8-ee50-442b-8e7b-733e71c135b5}</UniqueIdentifier>
    </Filter>
    <Filter Include="Core">
      <UniqueIdentifier>{b92f540f-06a8-47c9-8d32-c1396c77dfee}</UniqueIdentifier>
    </Filter>
  </ItemGroup>
  <ItemGroup>
    <ClCompile Include="Crab.cpp">
      <Filter>소스 파일</Filter>
    </ClCompile>
    <ClCompile Include="Monster.cpp">
      <Filter>소스 파일</Filter>
    </ClCompile>
    <ClCompile Include="GameMain.cpp">
      <Filter>소스 파일</Filter>
    </ClCompile>
    <ClCompile Include="BigFish.cpp">
      <Filter>소스 파일</Filter>
    </ClCompile>
    <ClCompile Include="SmallFish.cpp">
      <Filter>소스 파일</Filter>
    </ClCompile>
    <ClCompile Include="MonsterManager.cpp">
      <Filter>소스 파일</Filter>
    </ClCompile>
    <ClCompile Include="MapManager.cpp">
      <Filter>소스 파일</Filter>
    </ClCompile>
    <ClCompile Include="IState.cpp">
      <Filter>소스 파일</Filter>
    </ClCompile>
    <ClCompile Include="KeyManager.cpp">
      <Filter>소스 파일</Filter>
    </ClCompile>
    <ClCompile Include="mtg.c">
      <Filter>소스 파일</Filter>
    </ClCompile>
  </ItemGroup>
  <ItemGroup>
    <ClInclude Include="Crab.h">
      <Filter>헤더 파일</Filter>
    </ClInclude>
    <ClInclude Include="Monster.h">
      <Filter>헤더 파일</Filter>
    </ClInclude>
    <ClInclude Include="BigFish.h">
      <Filter>헤더 파일</Filter>
    </ClInclude>
    <ClInclude Include="SmallFish.h">
      <Filter>헤더 파일</Filter>
    </ClInclude>
    <ClInclude Include="tempInclude.h">
      <Filter>헤더 파일</Filter>
    </ClInclude>
    <ClInclude Include="MonsterManager.h">
      <Filter>헤더 파일</Filter>
    </ClInclude>
    <ClInclude Include="MapManager.h">
      <Filter>헤더 파일</Filter>
    </ClInclude>
    <ClInclude Include="IState.h">
      <Filter>헤더 파일</Filter>
    </ClInclude>
    <ClInclude Include="Input.h">
      <Filter>헤더 파일</Filter>
    </ClInclude>
    <ClInclude Include="KeyManager.h">
      <Filter>헤더 파일</Filter>
    </ClInclude>
    <ClInclude Include="mtg.h">
      <Filter>Core</Filter>
    </ClInclude>
  </ItemGroup>
  <ItemGroup>
    <None Include="MonsterData.json">
      <Filter>Data</Filter>
    </None>
    <None Include="packages.config" />
  </ItemGroup>
  <ItemGroup>
    <Text Include="CommonMonsterUI.txt">
      <Filter>Data</Filter>
    </Text>
    <Text Include="BossMonsterUI.txt">
      <Filter>Data</Filter>
    </Text>
    <Text Include="Map_DragonPalace.txt">
      <Filter>Data</Filter>
    </Text>
    <Text Include="Map_Ground.txt">
      <Filter>Data</Filter>
    </Text>
    <Text Include="Map_Jail.txt">
      <Filter>Data</Filter>
    </Text>
    <Text Include="Map_Sea1.txt">
      <Filter>Data</Filter>
    </Text>
    <Text Include="Map_Sea2.txt">
      <Filter>Data</Filter>
    </Text>
    <Text Include="MapFrame.txt">
      <Filter>Data</Filter>
    </Text>
  </ItemGroup>
</Project>